
Microsoft Visual Studio Solution File, Format Version 12.00
# Visual Studio 15
VisualStudioVersion = 15.0.28307.2092
MinimumVisualStudioVersion = 10.0.40219.1
Project("{FAE04EC0-301F-11D3-BF4B-00C04F79EFBC}") = "Semana1", "Semana1\Semana1.csproj", "{03F8A40C-0986-4631-9319-786B8020DD17}"
EndProject
Global
	GlobalSection(SolutionConfigurationPlatforms) = preSolution
		Debug|Any CPU = Debug|Any CPU
		Release|Any CPU = Release|Any CPU
	EndGlobalSection
	GlobalSection(ProjectConfigurationPlatforms) = postSolution
		{03F8A40C-0986-4631-9319-786B8020DD17}.Debug|Any CPU.ActiveCfg = Debug|Any CPU
		{03F8A40C-0986-4631-9319-786B8020DD17}.Debug|Any CPU.Build.0 = Debug|Any CPU
		{03F8A40C-0986-4631-9319-786B8020DD17}.Release|Any CPU.ActiveCfg = Release|Any CPU
		{03F8A40C-0986-4631-9319-786B8020DD17}.Release|Any CPU.Build.0 = Release|Any CPU
	EndGlobalSection
	GlobalSection(SolutionProperties) = preSolution
		HideSolutionNode = FALSE
	EndGlobalSection
	GlobalSection(ExtensibilityGlobals) = postSolution
		SolutionGuid = {D9632C5E-1CDB-485B-8232-78445C463095}
	EndGlobalSection
EndGlobal
